<?xml version="1.0" encoding="utf-8"?>
<Project ToolsVersion="4.0" xmlns="http://schemas.microsoft.com/developer/msbuild/2003">
  <ItemGroup>
    <Filter Include="Source Files">
      <UniqueIdentifier>{4FC737F1-C7A5-4376-A066-2A32D752A2FF}</UniqueIdentifier>
      <Extensions>cpp;c;cc;cxx;def;odl;idl;hpj;bat;asm;asmx</Extensions>
    </Filter>
    <Filter Include="Header Files">
      <UniqueIdentifier>{93995380-89BD-4b04-88EB-625FBE52EBFB}</UniqueIdentifier>
      <Extensions>h;hpp;hxx;hm;inl;inc;xsd</Extensions>
    </Filter>
    <Filter Include="Resource Files">
      <UniqueIdentifier>{67DA6AB6-F800-4c08-8B7A-83BB121AAD01}</UniqueIdentifier>
      <Extensions>rc;ico;cur;bmp;dlg;rc2;rct;bin;rgs;gif;jpg;jpeg;jpe;resx;tiff;tif;png;wav;mfcribbon-ms</Extensions>
    </Filter>
    <Filter Include="Source Files\aes">
      <UniqueIdentifier>{26515f8c-5599-4d44-80d6-051a20b35f7c}</UniqueIdentifier>
    </Filter>
    <Filter Include="Header Files\aes">
      <UniqueIdentifier>{bd71d4eb-5277-4463-aefa-fcc2c9ef4c51}</UniqueIdentifier>
    </Filter>
  </ItemGroup>
  <ItemGroup>
    <ClCompile Include="..\src\l52util.c">
      <Filter>Source Files</Filter>
    </ClCompile>
    <ClCompile Include="..\src\aes\aes_modes.c">
      <Filter>Source Files\aes</Filter>
    </ClCompile>
    <ClCompile Include="..\src\aes\aescrypt.c">
      <Filter>Source Files\aes</Filter>
    </ClCompile>
    <ClCompile Include="..\src\aes\aeskey.c">
      <Filter>Source Files\aes</Filter>
    </ClCompile>
    <ClCompile Include="..\src\aes\aestab.c">
      <Filter>Source Files\aes</Filter>
    </ClCompile>
    <ClCompile Include="..\src\laes.c">
      <Filter>Source Files</Filter>
    </ClCompile>
  </ItemGroup>
  <ItemGroup>
    <ClInclude Include="..\src\l52util.h">
      <Filter>Header Files</Filter>
    </ClInclude>
    <ClInclude Include="..\src\aes\aes.h">
      <Filter>Header Files\aes</Filter>
    </ClInclude>
    <ClInclude Include="..\src\aes\aes_via_ace.h">
      <Filter>Header Files\aes</Filter>
    </ClInclude>
    <ClInclude Include="..\src\aes\aesopt.h">
      <Filter>Header Files\aes</Filter>
    </ClInclude>
    <ClInclude Include="..\src\aes\aestab.h">
      <Filter>Header Files\aes</Filter>
    </ClInclude>
    <ClInclude Include="..\src\aes\brg_endian.h">
      <Filter>Header Files\aes</Filter>
    </ClInclude>
    <ClInclude Include="..\src\aes\brg_types.h">
      <Filter>Header Files\aes</Filter>
    </ClInclude>
  </ItemGroup>
</Project>